{
  "name": "agile-theme-tools",
  "version": "1.0.0",
  "lockfileVersion": 2,
  "requires": true,
  "packages": {
    "": {
      "name": "agile-theme-tools",
      "version": "1.0.0",
      "license": "VNU3",
      "dependencies": {
        "@accessible360/accessible-slick": "^1.0"
      }
    },
    "node_modules/@accessible360/accessible-slick": {
      "version": "1.0.1",
      "resolved": "https://registry.npmjs.org/@accessible360/accessible-slick/-/accessible-slick-1.0.1.tgz",
      "integrity": "sha512-fAdHKy0CLuApCHFgRs2zcQpzjEdlZUuJND1zIY8T5PiV8bB52gpomjCUFCZwCk9lb87WC0IJGIUaPD6RToocqA==",
      "peerDependencies": {
        "jquery": ">=1.8.0"
      }
    },
    "node_modules/jquery": {
      "version": "3.6.1",
      "resolved": "https://registry.npmjs.org/jquery/-/jquery-3.6.1.tgz",
      "integrity": "sha512-opJeO4nCucVnsjiXOE+/PcCgYw9Gwpvs/a6B1LL/lQhwWwpbVEVYDZ1FokFr8PRc7ghYlrFPuyHuiiDNTQxmcw==",
      "peer": true
    }
  },
  "dependencies": {
    "@accessible360/accessible-slick": {
      "version": "1.0.1",
      "resolved": "https://registry.npmjs.org/@accessible360/accessible-slick/-/accessible-slick-1.0.1.tgz",
      "integrity": "sha512-fAdHKy0CLuApCHFgRs2zcQpzjEdlZUuJND1zIY8T5PiV8bB52gpomjCUFCZwCk9lb87WC0IJGIUaPD6RToocqA==",
      "requires": {}
    },
    "jquery": {
      "version": "3.6.1",
      "resolved": "https://registry.npmjs.org/jquery/-/jquery-3.6.1.tgz",
      "integrity": "sha512-opJeO4nCucVnsjiXOE+/PcCgYw9Gwpvs/a6B1LL/lQhwWwpbVEVYDZ1FokFr8PRc7ghYlrFPuyHuiiDNTQxmcw==",
      "peer": true
    }
  }
}
